
Microsoft Visual Studio Solution File, Format Version 12.00
# Visual Studio 14
VisualStudioVersion = 14.0.25420.1
MinimumVisualStudioVersion = 10.0.40219.1
Project("{FAE04EC0-301F-11D3-BF4B-00C04F79EFBC}") = "RacoonXamarinNew", "Racon_Xamarin_New\Racon_Xamarin_New\RacoonXamarinNew.csproj", "{6E106337-C3DA-418D-AB5F-82233C2E3DBF}"
EndProject
Project("{FAE04EC0-301F-11D3-BF4B-00C04F79EFBC}") = "RacoonXamarinNew.Droid", "Racon_Xamarin_New\Racon_Xamarin_New.Droid\RacoonXamarinNew.Droid.csproj", "{19846E3A-F2AA-42F8-985F-5486C7762A20}"
EndProject
Project("{FAE04EC0-301F-11D3-BF4B-00C04F79EFBC}") = "RacoonXamarinNew.iOS", "Racon_Xamarin_New\Racon_Xamarin_New.iOS\RacoonXamarinNew.iOS.csproj", "{7D0F983B-3E31-4D21-BE9F-F1ABED35D74F}"
EndProject
Global
	GlobalSection(SolutionConfigurationPlatforms) = preSolution
		Ad-Hoc|Any CPU = Ad-Hoc|Any CPU
		Ad-Hoc|ARM = Ad-Hoc|ARM
		Ad-Hoc|iPhone = Ad-Hoc|iPhone
		Ad-Hoc|iPhoneSimulator = Ad-Hoc|iPhoneSimulator
		Ad-Hoc|x64 = Ad-Hoc|x64
		Ad-Hoc|x86 = Ad-Hoc|x86
		AppStore|Any CPU = AppStore|Any CPU
		AppStore|ARM = AppStore|ARM
		AppStore|iPhone = AppStore|iPhone
		AppStore|iPhoneSimulator = AppStore|iPhoneSimulator
		AppStore|x64 = AppStore|x64
		AppStore|x86 = AppStore|x86
		Debug|Any CPU = Debug|Any CPU
		Debug|ARM = Debug|ARM
		Debug|iPhone = Debug|iPhone
		Debug|iPhoneSimulator = Debug|iPhoneSimulator
		Debug|x64 = Debug|x64
		Debug|x86 = Debug|x86
		Release|Any CPU = Release|Any CPU
		Release|ARM = Release|ARM
		Release|iPhone = Release|iPhone
		Release|iPhoneSimulator = Release|iPhoneSimulator
		Release|x64 = Release|x64
		Release|x86 = Release|x86
	EndGlobalSection
	GlobalSection(ProjectConfigurationPlatforms) = postSolution
		{6E106337-C3DA-418D-AB5F-82233C2E3DBF}.Ad-Hoc|Any CPU.ActiveCfg = Release|Any CPU
		{6E106337-C3DA-418D-AB5F-82233C2E3DBF}.Ad-Hoc|Any CPU.Build.0 = Release|Any CPU
		{6E106337-C3DA-418D-AB5F-82233C2E3DBF}.Ad-Hoc|ARM.ActiveCfg = Release|Any CPU
		{6E106337-C3DA-418D-AB5F-82233C2E3DBF}.Ad-Hoc|ARM.Build.0 = Release|Any CPU
		{6E106337-C3DA-418D-AB5F-82233C2E3DBF}.Ad-Hoc|iPhone.ActiveCfg = Release|Any CPU
		{6E106337-C3DA-418D-AB5F-82233C2E3DBF}.Ad-Hoc|iPhone.Build.0 = Release|Any CPU
		{6E106337-C3DA-418D-AB5F-82233C2E3DBF}.Ad-Hoc|iPhoneSimulator.ActiveCfg = Release|Any CPU
		{6E106337-C3DA-418D-AB5F-82233C2E3DBF}.Ad-Hoc|iPhoneSimulator.Build.0 = Release|Any CPU
		{6E106337-C3DA-418D-AB5F-82233C2E3DBF}.Ad-Hoc|x64.ActiveCfg = Release|Any CPU
		{6E106337-C3DA-418D-AB5F-82233C2E3DBF}.Ad-Hoc|x64.Build.0 = Release|Any CPU
		{6E106337-C3DA-418D-AB5F-82233C2E3DBF}.Ad-Hoc|x86.ActiveCfg = Release|Any CPU
		{6E106337-C3DA-418D-AB5F-82233C2E3DBF}.Ad-Hoc|x86.Build.0 = Release|Any CPU
		{6E106337-C3DA-418D-AB5F-82233C2E3DBF}.AppStore|Any CPU.ActiveCfg = Release|Any CPU
		{6E106337-C3DA-418D-AB5F-82233C2E3DBF}.AppStore|Any CPU.Build.0 = Release|Any CPU
		{6E106337-C3DA-418D-AB5F-82233C2E3DBF}.AppStore|ARM.ActiveCfg = Release|Any CPU
		{6E106337-C3DA-418D-AB5F-82233C2E3DBF}.AppStore|ARM.Build.0 = Release|Any CPU
		{6E106337-C3DA-418D-AB5F-82233C2E3DBF}.AppStore|iPhone.ActiveCfg = Release|Any CPU
		{6E106337-C3DA-418D-AB5F-82233C2E3DBF}.AppStore|iPhone.Build.0 = Release|Any CPU
		{6E106337-C3DA-418D-AB5F-82233C2E3DBF}.AppStore|iPhoneSimulator.ActiveCfg = Release|Any CPU
		{6E106337-C3DA-418D-AB5F-82233C2E3DBF}.AppStore|iPhoneSimulator.Build.0 = Release|Any CPU
		{6E106337-C3DA-418D-AB5F-82233C2E3DBF}.AppStore|x64.ActiveCfg = Release|Any CPU
		{6E106337-C3DA-418D-AB5F-82233C2E3DBF}.AppStore|x64.Build.0 = Release|Any CPU
		{6E106337-C3DA-418D-AB5F-82233C2E3DBF}.AppStore|x86.ActiveCfg = Release|Any CPU
		{6E106337-C3DA-418D-AB5F-82233C2E3DBF}.AppStore|x86.Build.0 = Release|Any CPU
		{6E106337-C3DA-418D-AB5F-82233C2E3DBF}.Debug|Any CPU.ActiveCfg = Debug|Any CPU
		{6E106337-C3DA-418D-AB5F-82233C2E3DBF}.Debug|Any CPU.Build.0 = Debug|Any CPU
		{6E106337-C3DA-418D-AB5F-82233C2E3DBF}.Debug|ARM.ActiveCfg = Debug|Any CPU
		{6E106337-C3DA-418D-AB5F-82233C2E3DBF}.Debug|ARM.Build.0 = Debug|Any CPU
		{6E106337-C3DA-418D-AB5F-82233C2E3DBF}.Debug|iPhone.ActiveCfg = Debug|Any CPU
		{6E106337-C3DA-418D-AB5F-82233C2E3DBF}.Debug|iPhone.Build.0 = Debug|Any CPU
		{6E106337-C3DA-418D-AB5F-82233C2E3DBF}.Debug|iPhoneSimulator.ActiveCfg = Debug|Any CPU
		{6E106337-C3DA-418D-AB5F-82233C2E3DBF}.Debug|iPhoneSimulator.Build.0 = Debug|Any CPU
		{6E106337-C3DA-418D-AB5F-82233C2E3DBF}.Debug|x64.ActiveCfg = Debug|Any CPU
		{6E106337-C3DA-418D-AB5F-82233C2E3DBF}.Debug|x64.Build.0 = Debug|Any CPU
		{6E106337-C3DA-418D-AB5F-82233C2E3DBF}.Debug|x86.ActiveCfg = Debug|Any CPU
		{6E106337-C3DA-418D-AB5F-82233C2E3DBF}.Debug|x86.Build.0 = Debug|Any CPU
		{6E106337-C3DA-418D-AB5F-82233C2E3DBF}.Release|Any CPU.ActiveCfg = Release|Any CPU
		{6E106337-C3DA-418D-AB5F-82233C2E3DBF}.Release|Any CPU.Build.0 = Release|Any CPU
		{6E106337-C3DA-418D-AB5F-82233C2E3DBF}.Release|ARM.ActiveCfg = Release|Any CPU
		{6E106337-C3DA-418D-AB5F-82233C2E3DBF}.Release|ARM.Build.0 = Release|Any CPU
		{6E106337-C3DA-418D-AB5F-82233C2E3DBF}.Release|iPhone.ActiveCfg = Release|Any CPU
		{6E106337-C3DA-418D-AB5F-82233C2E3DBF}.Release|iPhone.Build.0 = Release|Any CPU
		{6E106337-C3DA-418D-AB5F-82233C2E3DBF}.Release|iPhoneSimulator.ActiveCfg = Release|Any CPU
		{6E106337-C3DA-418D-AB5F-82233C2E3DBF}.Release|iPhoneSimulator.Build.0 = Release|Any CPU
		{6E106337-C3DA-418D-AB5F-82233C2E3DBF}.Release|x64.ActiveCfg = Release|Any CPU
		{6E106337-C3DA-418D-AB5F-82233C2E3DBF}.Release|x64.Build.0 = Release|Any CPU
		{6E106337-C3DA-418D-AB5F-82233C2E3DBF}.Release|x86.ActiveCfg = Release|Any CPU
		{6E106337-C3DA-418D-AB5F-82233C2E3DBF}.Release|x86.Build.0 = Release|Any CPU
		{19846E3A-F2AA-42F8-985F-5486C7762A20}.Ad-Hoc|Any CPU.ActiveCfg = Release|Any CPU
		{19846E3A-F2AA-42F8-985F-5486C7762A20}.Ad-Hoc|Any CPU.Build.0 = Release|Any CPU
		{19846E3A-F2AA-42F8-985F-5486C7762A20}.Ad-Hoc|Any CPU.Deploy.0 = Release|Any CPU
		{19846E3A-F2AA-42F8-985F-5486C7762A20}.Ad-Hoc|ARM.ActiveCfg = Release|Any CPU
		{19846E3A-F2AA-42F8-985F-5486C7762A20}.Ad-Hoc|ARM.Build.0 = Release|Any CPU
		{19846E3A-F2AA-42F8-985F-5486C7762A20}.Ad-Hoc|ARM.Deploy.0 = Release|Any CPU
		{19846E3A-F2AA-42F8-985F-5486C7762A20}.Ad-Hoc|iPhone.ActiveCfg = Release|Any CPU
		{19846E3A-F2AA-42F8-985F-5486C7762A20}.Ad-Hoc|iPhone.Build.0 = Release|Any CPU
		{19846E3A-F2AA-42F8-985F-5486C7762A20}.Ad-Hoc|iPhone.Deploy.0 = Release|Any CPU
		{19846E3A-F2AA-42F8-985F-5486C7762A20}.Ad-Hoc|iPhoneSimulator.ActiveCfg = Release|Any CPU
		{19846E3A-F2AA-42F8-985F-5486C7762A20}.Ad-Hoc|iPhoneSimulator.Build.0 = Release|Any CPU
		{19846E3A-F2AA-42F8-985F-5486C7762A20}.Ad-Hoc|iPhoneSimulator.Deploy.0 = Release|Any CPU
		{19846E3A-F2AA-42F8-985F-5486C7762A20}.Ad-Hoc|x64.ActiveCfg = Release|Any CPU
		{19846E3A-F2AA-42F8-985F-5486C7762A20}.Ad-Hoc|x64.Build.0 = Release|Any CPU
		{19846E3A-F2AA-42F8-985F-5486C7762A20}.Ad-Hoc|x64.Deploy.0 = Release|Any CPU
		{19846E3A-F2AA-42F8-985F-5486C7762A20}.Ad-Hoc|x86.ActiveCfg = Release|Any CPU
		{19846E3A-F2AA-42F8-985F-5486C7762A20}.Ad-Hoc|x86.Build.0 = Release|Any CPU
		{19846E3A-F2AA-42F8-985F-5486C7762A20}.Ad-Hoc|x86.Deploy.0 = Release|Any CPU
		{19846E3A-F2AA-42F8-985F-5486C7762A20}.AppStore|Any CPU.ActiveCfg = Release|Any CPU
		{19846E3A-F2AA-42F8-985F-5486C7762A20}.AppStore|Any CPU.Build.0 = Release|Any CPU
		{19846E3A-F2AA-42F8-985F-5486C7762A20}.AppStore|Any CPU.Deploy.0 = Release|Any CPU
		{19846E3A-F2AA-42F8-985F-5486C7762A20}.AppStore|ARM.ActiveCfg = Release|Any CPU
		{19846E3A-F2AA-42F8-985F-5486C7762A20}.AppStore|ARM.Build.0 = Release|Any CPU
		{19846E3A-F2AA-42F8-985F-5486C7762A20}.AppStore|ARM.Deploy.0 = Release|Any CPU
		{19846E3A-F2AA-42F8-985F-5486C7762A20}.AppStore|iPhone.ActiveCfg = Release|Any CPU
		{19846E3A-F2AA-42F8-985F-5486C7762A20}.AppStore|iPhone.Build.0 = Release|Any CPU
		{19846E3A-F2AA-42F8-985F-5486C7762A20}.AppStore|iPhone.Deploy.0 = Release|Any CPU
		{19846E3A-F2AA-42F8-985F-5486C7762A20}.AppStore|iPhoneSimulator.ActiveCfg = Release|Any CPU
		{19846E3A-F2AA-42F8-985F-5486C7762A20}.AppStore|iPhoneSimulator.Build.0 = Release|Any CPU
		{19846E3A-F2AA-42F8-985F-5486C7762A20}.AppStore|iPhoneSimulator.Deploy.0 = Release|Any CPU
		{19846E3A-F2AA-42F8-985F-5486C7762A20}.AppStore|x64.ActiveCfg = Release|Any CPU
		{19846E3A-F2AA-42F8-985F-5486C7762A20}.AppStore|x64.Build.0 = Release|Any CPU
		{19846E3A-F2AA-42F8-985F-5486C7762A20}.AppStore|x64.Deploy.0 = Release|Any CPU
		{19846E3A-F2AA-42F8-985F-5486C7762A20}.AppStore|x86.ActiveCfg = Release|Any CPU
		{19846E3A-F2AA-42F8-985F-5486C7762A20}.AppStore|x86.Build.0 = Release|Any CPU
		{19846E3A-F2AA-42F8-985F-5486C7762A20}.AppStore|x86.Deploy.0 = Release|Any CPU
		{19846E3A-F2AA-42F8-985F-5486C7762A20}.Debug|Any CPU.ActiveCfg = Debug|Any CPU
		{19846E3A-F2AA-42F8-985F-5486C7762A20}.Debug|Any CPU.Build.0 = Debug|Any CPU
		{19846E3A-F2AA-42F8-985F-5486C7762A20}.Debug|Any CPU.Deploy.0 = Debug|Any CPU
		{19846E3A-F2AA-42F8-985F-5486C7762A20}.Debug|ARM.ActiveCfg = Debug|Any CPU
		{19846E3A-F2AA-42F8-985F-5486C7762A20}.Debug|ARM.Build.0 = Debug|Any CPU
		{19846E3A-F2AA-42F8-985F-5486C7762A20}.Debug|ARM.Deploy.0 = Debug|Any CPU
		{19846E3A-F2AA-42F8-985F-5486C7762A20}.Debug|iPhone.ActiveCfg = Debug|Any CPU
		{19846E3A-F2AA-42F8-985F-5486C7762A20}.Debug|iPhone.Build.0 = Debug|Any CPU
		{19846E3A-F2AA-42F8-985F-5486C7762A20}.Debug|iPhone.Deploy.0 = Debug|Any CPU
		{19846E3A-F2AA-42F8-985F-5486C7762A20}.Debug|iPhoneSimulator.ActiveCfg = Debug|Any CPU
		{19846E3A-F2AA-42F8-985F-5486C7762A20}.Debug|iPhoneSimulator.Build.0 = Debug|Any CPU
		{19846E3A-F2AA-42F8-985F-5486C7762A20}.Debug|iPhoneSimulator.Deploy.0 = Debug|Any CPU
		{19846E3A-F2AA-42F8-985F-5486C7762A20}.Debug|x64.ActiveCfg = Debug|Any CPU
		{19846E3A-F2AA-42F8-985F-5486C7762A20}.Debug|x64.Build.0 = Debug|Any CPU
		{19846E3A-F2AA-42F8-985F-5486C7762A20}.Debug|x64.Deploy.0 = Debug|Any CPU
		{19846E3A-F2AA-42F8-985F-5486C7762A20}.Debug|x86.ActiveCfg = Debug|Any CPU
		{19846E3A-F2AA-42F8-985F-5486C7762A20}.Debug|x86.Build.0 = Debug|Any CPU
		{19846E3A-F2AA-42F8-985F-5486C7762A20}.Debug|x86.Deploy.0 = Debug|Any CPU
		{19846E3A-F2AA-42F8-985F-5486C7762A20}.Release|Any CPU.ActiveCfg = Release|Any CPU
		{19846E3A-F2AA-42F8-985F-5486C7762A20}.Release|Any CPU.Build.0 = Release|Any CPU
		{19846E3A-F2AA-42F8-985F-5486C7762A20}.Release|Any CPU.Deploy.0 = Release|Any CPU
		{19846E3A-F2AA-42F8-985F-5486C7762A20}.Release|ARM.ActiveCfg = Release|Any CPU
		{19846E3A-F2AA-42F8-985F-5486C7762A20}.Release|ARM.Build.0 = Release|Any CPU
		{19846E3A-F2AA-42F8-985F-5486C7762A20}.Release|ARM.Deploy.0 = Release|Any CPU
		{19846E3A-F2AA-42F8-985F-5486C7762A20}.Release|iPhone.ActiveCfg = Release|Any CPU
		{19846E3A-F2AA-42F8-985F-5486C7762A20}.Release|iPhone.Build.0 = Release|Any CPU
		{19846E3A-F2AA-42F8-985F-5486C7762A20}.Release|iPhone.Deploy.0 = Release|Any CPU
		{19846E3A-F2AA-42F8-985F-5486C7762A20}.Release|iPhoneSimulator.ActiveCfg = Release|Any CPU
		{19846E3A-F2AA-42F8-985F-5486C7762A20}.Release|iPhoneSimulator.Build.0 = Release|Any CPU
		{19846E3A-F2AA-42F8-985F-5486C7762A20}.Release|iPhoneSimulator.Deploy.0 = Release|Any CPU
		{19846E3A-F2AA-42F8-985F-5486C7762A20}.Release|x64.ActiveCfg = Release|Any CPU
		{19846E3A-F2AA-42F8-985F-5486C7762A20}.Release|x64.Build.0 = Release|Any CPU
		{19846E3A-F2AA-42F8-985F-5486C7762A20}.Release|x64.Deploy.0 = Release|Any CPU
		{19846E3A-F2AA-42F8-985F-5486C7762A20}.Release|x86.ActiveCfg = Release|Any CPU
		{19846E3A-F2AA-42F8-985F-5486C7762A20}.Release|x86.Build.0 = Release|Any CPU
		{19846E3A-F2AA-42F8-985F-5486C7762A20}.Release|x86.Deploy.0 = Release|Any CPU
		{7D0F983B-3E31-4D21-BE9F-F1ABED35D74F}.Ad-Hoc|Any CPU.ActiveCfg = Ad-Hoc|iPhone
		{7D0F983B-3E31-4D21-BE9F-F1ABED35D74F}.Ad-Hoc|ARM.ActiveCfg = Ad-Hoc|iPhone
		{7D0F983B-3E31-4D21-BE9F-F1ABED35D74F}.Ad-Hoc|iPhone.ActiveCfg = Ad-Hoc|iPhone
		{7D0F983B-3E31-4D21-BE9F-F1ABED35D74F}.Ad-Hoc|iPhone.Build.0 = Ad-Hoc|iPhone
		{7D0F983B-3E31-4D21-BE9F-F1ABED35D74F}.Ad-Hoc|iPhoneSimulator.ActiveCfg = Ad-Hoc|iPhoneSimulator
		{7D0F983B-3E31-4D21-BE9F-F1ABED35D74F}.Ad-Hoc|iPhoneSimulator.Build.0 = Ad-Hoc|iPhoneSimulator
		{7D0F983B-3E31-4D21-BE9F-F1ABED35D74F}.Ad-Hoc|x64.ActiveCfg = Ad-Hoc|iPhone
		{7D0F983B-3E31-4D21-BE9F-F1ABED35D74F}.Ad-Hoc|x86.ActiveCfg = Ad-Hoc|iPhone
		{7D0F983B-3E31-4D21-BE9F-F1ABED35D74F}.AppStore|Any CPU.ActiveCfg = AppStore|iPhone
		{7D0F983B-3E31-4D21-BE9F-F1ABED35D74F}.AppStore|ARM.ActiveCfg = AppStore|iPhone
		{7D0F983B-3E31-4D21-BE9F-F1ABED35D74F}.AppStore|iPhone.ActiveCfg = AppStore|iPhone
		{7D0F983B-3E31-4D21-BE9F-F1ABED35D74F}.AppStore|iPhone.Build.0 = AppStore|iPhone
		{7D0F983B-3E31-4D21-BE9F-F1ABED35D74F}.AppStore|iPhoneSimulator.ActiveCfg = AppStore|iPhoneSimulator
		{7D0F983B-3E31-4D21-BE9F-F1ABED35D74F}.AppStore|iPhoneSimulator.Build.0 = AppStore|iPhoneSimulator
		{7D0F983B-3E31-4D21-BE9F-F1ABED35D74F}.AppStore|x64.ActiveCfg = AppStore|iPhone
		{7D0F983B-3E31-4D21-BE9F-F1ABED35D74F}.AppStore|x86.ActiveCfg = AppStore|iPhone
		{7D0F983B-3E31-4D21-BE9F-F1ABED35D74F}.Debug|Any CPU.ActiveCfg = Debug|iPhone
		{7D0F983B-3E31-4D21-BE9F-F1ABED35D74F}.Debug|ARM.ActiveCfg = Debug|iPhone
		{7D0F983B-3E31-4D21-BE9F-F1ABED35D74F}.Debug|iPhone.ActiveCfg = Debug|iPhone
		{7D0F983B-3E31-4D21-BE9F-F1ABED35D74F}.Debug|iPhone.Build.0 = Debug|iPhone
		{7D0F983B-3E31-4D21-BE9F-F1ABED35D74F}.Debug|iPhoneSimulator.ActiveCfg = Debug|iPhoneSimulator
		{7D0F983B-3E31-4D21-BE9F-F1ABED35D74F}.Debug|iPhoneSimulator.Build.0 = Debug|iPhoneSimulator
		{7D0F983B-3E31-4D21-BE9F-F1ABED35D74F}.Debug|x64.ActiveCfg = Debug|iPhone
		{7D0F983B-3E31-4D21-BE9F-F1ABED35D74F}.Debug|x86.ActiveCfg = Debug|iPhone
		{7D0F983B-3E31-4D21-BE9F-F1ABED35D74F}.Release|Any CPU.ActiveCfg = Release|iPhone
		{7D0F983B-3E31-4D21-BE9F-F1ABED35D74F}.Release|ARM.ActiveCfg = Release|iPhone
		{7D0F983B-3E31-4D21-BE9F-F1ABED35D74F}.Release|iPhone.ActiveCfg = Release|iPhone
		{7D0F983B-3E31-4D21-BE9F-F1ABED35D74F}.Release|iPhone.Build.0 = Release|iPhone
		{7D0F983B-3E31-4D21-BE9F-F1ABED35D74F}.Release|iPhoneSimulator.ActiveCfg = Release|iPhoneSimulator
		{7D0F983B-3E31-4D21-BE9F-F1ABED35D74F}.Release|iPhoneSimulator.Build.0 = Release|iPhoneSimulator
		{7D0F983B-3E31-4D21-BE9F-F1ABED35D74F}.Release|x64.ActiveCfg = Release|iPhone
		{7D0F983B-3E31-4D21-BE9F-F1ABED35D74F}.Release|x86.ActiveCfg = Release|iPhone
	EndGlobalSection
	GlobalSection(SolutionProperties) = preSolution
		HideSolutionNode = FALSE
	EndGlobalSection
EndGlobal
